
Microsoft Visual Studio Solution File, Format Version 12.00
# Visual Studio 15
VisualStudioVersion = 15.0.28010.2041
MinimumVisualStudioVersion = 10.0.40219.1
Project("{FAE04EC0-301F-11D3-BF4B-00C04F79EFBC}") = "AESImplementation", "AESImplementation\AESImplementation.csproj", "{3293D594-3F2A-499B-8FC4-1461BF368BBF}"
EndProject
Global
	GlobalSection(SolutionConfigurationPlatforms) = preSolution
		Debug|Any CPU = Debug|Any CPU
		Release|Any CPU = Release|Any CPU
	EndGlobalSection
	GlobalSection(ProjectConfigurationPlatforms) = postSolution
		{3293D594-3F2A-499B-8FC4-1461BF368BBF}.Debug|Any CPU.ActiveCfg = Debug|Any CPU
		{3293D594-3F2A-499B-8FC4-1461BF368BBF}.Debug|Any CPU.Build.0 = Debug|Any CPU
		{3293D594-3F2A-499B-8FC4-1461BF368BBF}.Release|Any CPU.ActiveCfg = Release|Any CPU
		{3293D594-3F2A-499B-8FC4-1461BF368BBF}.Release|Any CPU.Build.0 = Release|Any CPU
	EndGlobalSection
	GlobalSection(SolutionProperties) = preSolution
		HideSolutionNode = FALSE
	EndGlobalSection
	GlobalSection(ExtensibilityGlobals) = postSolution
		SolutionGuid = {4CCEFCB7-DE71-4347-BA32-69901B75764E}
	EndGlobalSection
EndGlobal
